// !$*UTF8*$!
{
	archiveVersion = 1;
	classes = {
	};
	objectVersion = 56;
	objects = {

/* Begin PBXBuildFile section */
		85374BF928F5315F00126187 /* SwiftUI_01App.swift in Sources */ = {isa = PBXBuildFile; fileRef = 85374BF828F5315F00126187 /* SwiftUI_01App.swift */; };
		85374BFB28F5315F00126187 /* ContentView.swift in Sources */ = {isa = PBXBuildFile; fileRef = 85374BFA28F5315F00126187 /* ContentView.swift */; };
		85374BFD28F5316000126187 /* Assets.xcassets in Resources */ = {isa = PBXBuildFile; fileRef = 85374BFC28F5316000126187 /* Assets.xcassets */; };
		85374C0028F5316000126187 /* Preview Assets.xcassets in Resources */ = {isa = PBXBuildFile; fileRef = 85374BFF28F5316000126187 /* Preview Assets.xcassets */; };
		85374C0A28F5316000126187 /* SwiftUI_01Tests.swift in Sources */ = {isa = PBXBuildFile; fileRef = 85374C0928F5316000126187 /* SwiftUI_01Tests.swift */; };
		85374C1428F5316000126187 /* SwiftUI_01UITests.swift in Sources */ = {isa = PBXBuildFile; fileRef = 85374C1328F5316000126187 /* SwiftUI_01UITests.swift */; };
		85374C1628F5316000126187 /* SwiftUI_01UITestsLaunchTests.swift in Sources */ = {isa = PBXBuildFile; fileRef = 85374C1528F5316000126187 /* SwiftUI_01UITestsLaunchTests.swift */; };
		85374C2328F5455F00126187 /* LandmarkDeatil.swift in Sources */ = {isa = PBXBuildFile; fileRef = 85374C2228F5455F00126187 /* LandmarkDeatil.swift */; };
		85374C2528F5483900126187 /* Landmark.swift in Sources */ = {isa = PBXBuildFile; fileRef = 85374C2428F5483900126187 /* Landmark.swift */; };
/* End PBXBuildFile section */

/* Begin PBXContainerItemProxy section */
		85374C0628F5316000126187 /* PBXContainerItemProxy */ = {
			isa = PBXContainerItemProxy;
			containerPortal = 85374BED28F5315F00126187 /* Project object */;
			proxyType = 1;
			remoteGlobalIDString = 85374BF428F5315F00126187;
			remoteInfo = "SwiftUI-01";
		};
		85374C1028F5316000126187 /* PBXContainerItemProxy */ = {
			isa = PBXContainerItemProxy;
			containerPortal = 85374BED28F5315F00126187 /* Project object */;
			proxyType = 1;
			remoteGlobalIDString = 85374BF428F5315F00126187;
			remoteInfo = "SwiftUI-01";
		};
/* End PBXContainerItemProxy section */

/* Begin PBXFileReference section */
		85374BF528F5315F00126187 /* SwiftUI-01.app */ = {isa = PBXFileReference; explicitFileType = wrapper.application; includeInIndex = 0; path = "SwiftUI-01.app"; sourceTree = BUILT_PRODUCTS_DIR; };
		85374BF828F5315F00126187 /* SwiftUI_01App.swift */ = {isa = PBXFileReference; lastKnownFileType = sourcecode.swift; path = SwiftUI_01App.swift; sourceTree = "<group>"; };
		85374BFA28F5315F00126187 /* ContentView.swift */ = {isa = PBXFileReference; lastKnownFileType = sourcecode.swift; path = ContentView.swift; sourceTree = "<group>"; };
		85374BFC28F5316000126187 /* Assets.xcassets */ = {isa = PBXFileReference; lastKnownFileType = folder.assetcatalog; path = Assets.xcassets; sourceTree = "<group>"; };
		85374BFF28F5316000126187 /* Preview Assets.xcassets */ = {isa = PBXFileReference; lastKnownFileType = folder.assetcatalog; path = "Preview Assets.xcassets"; sourceTree = "<group>"; };
		85374C0528F5316000126187 /* SwiftUI-01Tests.xctest */ = {isa = PBXFileReference; explicitFileType = wrapper.cfbundle; includeInIndex = 0; path = "SwiftUI-01Tests.xctest"; sourceTree = BUILT_PRODUCTS_DIR; };
		85374C0928F5316000126187 /* SwiftUI_01Tests.swift */ = {isa = PBXFileReference; lastKnownFileType = sourcecode.swift; path = SwiftUI_01Tests.swift; sourceTree = "<group>"; };
		85374C0F28F5316000126187 /* SwiftUI-01UITests.xctest */ = {isa = PBXFileReference; explicitFileType = wrapper.cfbundle; includeInIndex = 0; path = "SwiftUI-01UITests.xctest"; sourceTree = BUILT_PRODUCTS_DIR; };
		85374C1328F5316000126187 /* SwiftUI_01UITests.swift */ = {isa = PBXFileReference; lastKnownFileType = sourcecode.swift; path = SwiftUI_01UITests.swift; sourceTree = "<group>"; };
		85374C1528F5316000126187 /* SwiftUI_01UITestsLaunchTests.swift */ = {isa = PBXFileReference; lastKnownFileType = sourcecode.swift; path = SwiftUI_01UITestsLaunchTests.swift; sourceTree = "<group>"; };
		85374C2228F5455F00126187 /* LandmarkDeatil.swift */ = {isa = PBXFileReference; lastKnownFileType = sourcecode.swift; path = LandmarkDeatil.swift; sourceTree = "<group>"; };
		85374C2428F5483900126187 /* Landmark.swift */ = {isa = PBXFileReference; lastKnownFileType = sourcecode.swift; path = Landmark.swift; sourceTree = "<group>"; };
/* End PBXFileReference section */

/* Begin PBXFrameworksBuildPhase section */
		85374BF228F5315F00126187 /* Frameworks */ = {
			isa = PBXFrameworksBuildPhase;
			buildActionMask = 2147483647;
			files = (
			);
			runOnlyForDeploymentPostprocessing = 0;
		};
		85374C0228F5316000126187 /* Frameworks */ = {
			isa = PBXFrameworksBuildPhase;
			buildActionMask = 2147483647;
			files = (
			);
			runOnlyForDeploymentPostprocessing = 0;
		};
		85374C0C28F5316000126187 /* Frameworks */ = {
			isa = PBXFrameworksBuildPhase;
			buildActionMask = 2147483647;
			files = (
			);
			runOnlyForDeploymentPostprocessing = 0;
		};
/* End PBXFrameworksBuildPhase section */

/* Begin PBXGroup section */
		85374BEC28F5315F00126187 = {
			isa = PBXGroup;
			children = (
				85374BF728F5315F00126187 /* SwiftUI-01 */,
				85374C0828F5316000126187 /* SwiftUI-01Tests */,
				85374C1228F5316000126187 /* SwiftUI-01UITests */,
				85374BF628F5315F00126187 /* Products */,
			);
			sourceTree = "<group>";
		};
		85374BF628F5315F00126187 /* Products */ = {
			isa = PBXGroup;
			children = (
				85374BF528F5315F00126187 /* SwiftUI-01.app */,
				85374C0528F5316000126187 /* SwiftUI-01Tests.xctest */,
				85374C0F28F5316000126187 /* SwiftUI-01UITests.xctest */,
			);
			name = Products;
			sourceTree = "<group>";
		};
		85374BF728F5315F00126187 /* SwiftUI-01 */ = {
			isa = PBXGroup;
			children = (
				85374BF828F5315F00126187 /* SwiftUI_01App.swift */,
				85374BFA28F5315F00126187 /* ContentView.swift */,
				85374C2228F5455F00126187 /* LandmarkDeatil.swift */,
				85374C2428F5483900126187 /* Landmark.swift */,
				85374BFC28F5316000126187 /* Assets.xcassets */,
				85374BFE28F5316000126187 /* Preview Content */,
			);
			path = "SwiftUI-01";
			sourceTree = "<group>";
		};
		85374BFE28F5316000126187 /* Preview Content */ = {
			isa = PBXGroup;
			children = (
				85374BFF28F5316000126187 /* Preview Assets.xcassets */,
			);
			path = "Preview Content";
			sourceTree = "<group>";
		};
		85374C0828F5316000126187 /* SwiftUI-01Tests */ = {
			isa = PBXGroup;
			children = (
				85374C0928F5316000126187 /* SwiftUI_01Tests.swift */,
			);
			path = "SwiftUI-01Tests";
			sourceTree = "<group>";
		};
		85374C1228F5316000126187 /* SwiftUI-01UITests */ = {
			isa = PBXGroup;
			children = (
				85374C1328F5316000126187 /* SwiftUI_01UITests.swift */,
				85374C1528F5316000126187 /* SwiftUI_01UITestsLaunchTests.swift */,
			);
			path = "SwiftUI-01UITests";
			sourceTree = "<group>";
		};
/* End PBXGroup section */

/* Begin PBXNativeTarget section */
		85374BF428F5315F00126187 /* SwiftUI-01 */ = {
			isa = PBXNativeTarget;
			buildConfigurationList = 85374C1928F5316000126187 /* Build configuration list for PBXNativeTarget "SwiftUI-01" */;
			buildPhases = (
				85374BF128F5315F00126187 /* Sources */,
				85374BF228F5315F00126187 /* Frameworks */,
				85374BF328F5315F00126187 /* Resources */,
			);
			buildRules = (
			);
			dependencies = (
			);
			name = "SwiftUI-01";
			productName = "SwiftUI-01";
			productReference = 85374BF528F5315F00126187 /* SwiftUI-01.app */;
			productType = "com.apple.product-type.application";
		};
		85374C0428F5316000126187 /* SwiftUI-01Tests */ = {
			isa = PBXNativeTarget;
			buildConfigurationList = 85374C1C28F5316000126187 /* Build configuration list for PBXNativeTarget "SwiftUI-01Tests" */;
			buildPhases = (
				85374C0128F5316000126187 /* Sources */,
				85374C0228F5316000126187 /* Frameworks */,
				85374C0328F5316000126187 /* Resources */,
			);
			buildRules = (
			);
			dependencies = (
				85374C0728F5316000126187 /* PBXTargetDependency */,
			);
			name = "SwiftUI-01Tests";
			productName = "SwiftUI-01Tests";
			productReference = 85374C0528F5316000126187 /* SwiftUI-01Tests.xctest */;
			productType = "com.apple.product-type.bundle.unit-test";
		};
		85374C0E28F5316000126187 /* SwiftUI-01UITests */ = {
			isa = PBXNativeTarget;
			buildConfigurationList = 85374C1F28F5316000126187 /* Build configuration list for PBXNativeTarget "SwiftUI-01UITests" */;
			buildPhases = (
				85374C0B28F5316000126187 /* Sources */,
				85374C0C28F5316000126187 /* Frameworks */,
				85374C0D28F5316000126187 /* Resources */,
			);
			buildRules = (
			);
			dependencies = (
				85374C1128F5316000126187 /* PBXTargetDependency */,
			);
			name = "SwiftUI-01UITests";
			productName = "SwiftUI-01UITests";
			productReference = 85374C0F28F5316000126187 /* SwiftUI-01UITests.xctest */;
			productType = "com.apple.product-type.bundle.ui-testing";
		};
/* End PBXNativeTarget section */

/* Begin PBXProject section */
		85374BED28F5315F00126187 /* Project object */ = {
			isa = PBXProject;
			attributes = {
				BuildIndependentTargetsInParallel = 1;
				LastSwiftUpdateCheck = 1400;
				LastUpgradeCheck = 1400;
				TargetAttributes = {
					85374BF428F5315F00126187 = {
						CreatedOnToolsVersion = 14.0.1;
					};
					85374C0428F5316000126187 = {
						CreatedOnToolsVersion = 14.0.1;
						TestTargetID = 85374BF428F5315F00126187;
					};
					85374C0E28F5316000126187 = {
						CreatedOnToolsVersion = 14.0.1;
						TestTargetID = 85374BF428F5315F00126187;
					};
				};
			};
			buildConfigurationList = 85374BF028F5315F00126187 /* Build configuration list for PBXProject "SwiftUI-01" */;
			compatibilityVersion = "Xcode 14.0";
			developmentRegion = en;
			hasScannedForEncodings = 0;
			knownRegions = (
				en,
				Base,
			);
			mainGroup = 85374BEC28F5315F00126187;
			productRefGroup = 85374BF628F5315F00126187 /* Products */;
			projectDirPath = "";
			projectRoot = "";
			targets = (
				85374BF428F5315F00126187 /* SwiftUI-01 */,
				85374C0428F5316000126187 /* SwiftUI-01Tests */,
				85374C0E28F5316000126187 /* SwiftUI-01UITests */,
			);
		};
/* End PBXProject section */

/* Begin PBXResourcesBuildPhase section */
		85374BF328F5315F00126187 /* Resources */ = {
			isa = PBXResourcesBuildPhase;
			buildActionMask = 2147483647;
			files = (
				85374C0028F5316000126187 /* Preview Assets.xcassets in Resources */,
				85374BFD28F5316000126187 /* Assets.xcassets in Resources */,
			);
			runOnlyForDeploymentPostprocessing = 0;
		};
		85374C0328F5316000126187 /* Resources */ = {
			isa = PBXResourcesBuildPhase;
			buildActionMask = 2147483647;
			files = (
			);
			runOnlyForDeploymentPostprocessing = 0;
		};
		85374C0D28F5316000126187 /* Resources */ = {
			isa = PBXResourcesBuildPhase;
			buildActionMask = 2147483647;
			files = (
			);
			runOnlyForDeploymentPostprocessing = 0;
		};
/* End PBXResourcesBuildPhase section */

/* Begin PBXSourcesBuildPhase section */
		85374BF128F5315F00126187 /* Sources */ = {
			isa = PBXSourcesBuildPhase;
			buildActionMask = 2147483647;
			files = (
				85374C2328F5455F00126187 /* LandmarkDeatil.swift in Sources */,
				85374BFB28F5315F00126187 /* ContentView.swift in Sources */,
				85374BF928F5315F00126187 /* SwiftUI_01App.swift in Sources */,
				85374C2528F5483900126187 /* Landmark.swift in Sources */,
			);
			runOnlyForDeploymentPostprocessing = 0;
		};
		85374C0128F5316000126187 /* Sources */ = {
			isa = PBXSourcesBuildPhase;
			buildActionMask = 2147483647;
			files = (
				85374C0A28F5316000126187 /* SwiftUI_01Tests.swift in Sources */,
			);
			runOnlyForDeploymentPostprocessing = 0;
		};
		85374C0B28F5316000126187 /* Sources */ = {
			isa = PBXSourcesBuildPhase;
			buildActionMask = 2147483647;
			files = (
				85374C1428F5316000126187 /* SwiftUI_01UITests.swift in Sources */,
				85374C1628F5316000126187 /* SwiftUI_01UITestsLaunchTests.swift in Sources */,
			);
			runOnlyForDeploymentPostprocessing = 0;
		};
/* End PBXSourcesBuildPhase section */

/* Begin PBXTargetDependency section */
		85374C0728F5316000126187 /* PBXTargetDependency */ = {
			isa = PBXTargetDependency;
			target = 85374BF428F5315F00126187 /* SwiftUI-01 */;
			targetProxy = 85374C0628F5316000126187 /* PBXContainerItemProxy */;
		};
		85374C1128F5316000126187 /* PBXTargetDependency */ = {
			isa = PBXTargetDependency;
			target = 85374BF428F5315F00126187 /* SwiftUI-01 */;
			targetProxy = 85374C1028F5316000126187 /* PBXContainerItemProxy */;
		};
/* End PBXTargetDependency section */

/* Begin XCBuildConfiguration section */
		85374C1728F5316000126187 /* Debug */ = {
			isa = XCBuildConfiguration;
			buildSettings = {
				ALWAYS_SEARCH_USER_PATHS = NO;
				CLANG_ANALYZER_NONNULL = YES;
				CLANG_ANALYZER_NUMBER_OBJECT_CONVERSION = YES_AGGRESSIVE;
				CLANG_CXX_LANGUAGE_STANDARD = "gnu++20";
				CLANG_ENABLE_MODULES = YES;
				CLANG_ENABLE_OBJC_ARC = YES;
				CLANG_ENABLE_OBJC_WEAK = YES;
				CLANG_WARN_BLOCK_CAPTURE_AUTORELEASING = YES;
				CLANG_WARN_BOOL_CONVERSION = YES;
				CLANG_WARN_COMMA = YES;
				CLANG_WARN_CONSTANT_CONVERSION = YES;
				CLANG_WARN_DEPRECATED_OBJC_IMPLEMENTATIONS = YES;
				CLANG_WARN_DIRECT_OBJC_ISA_USAGE = YES_ERROR;
				CLANG_WARN_DOCUMENTATION_COMMENTS = YES;
				CLANG_WARN_EMPTY_BODY = YES;
				CLANG_WARN_ENUM_CONVERSION = YES;
				CLANG_WARN_INFINITE_RECURSION = YES;
				CLANG_WARN_INT_CONVERSION = YES;
				CLANG_WARN_NON_LITERAL_NULL_CONVERSION = YES;
				CLANG_WARN_OBJC_IMPLICIT_RETAIN_SELF = YES;
				CLANG_WARN_OBJC_LITERAL_CONVERSION = YES;
				CLANG_WARN_OBJC_ROOT_CLASS = YES_ERROR;
				CLANG_WARN_QUOTED_INCLUDE_IN_FRAMEWORK_HEADER = YES;
				CLANG_WARN_RANGE_LOOP_ANALYSIS = YES;
				CLANG_WARN_STRICT_PROTOTYPES = YES;
				CLANG_WARN_SUSPICIOUS_MOVE = YES;
				CLANG_WARN_UNGUARDED_AVAILABILITY = YES_AGGRESSIVE;
				CLANG_WARN_UNREACHABLE_CODE = YES;
				CLANG_WARN__DUPLICATE_METHOD_MATCH = YES;
				COPY_PHASE_STRIP = NO;
				DEBUG_INFORMATION_FORMAT = dwarf;
				ENABLE_STRICT_OBJC_MSGSEND = YES;
				ENABLE_TESTABILITY = YES;
				GCC_C_LANGUAGE_STANDARD = gnu11;
				GCC_DYNAMIC_NO_PIC = NO;
				GCC_NO_COMMON_BLOCKS = YES;
				GCC_OPTIMIZATION_LEVEL = 0;
				GCC_PREPROCESSOR_DEFINITIONS = (
					"DEBUG=1",
					"$(inherited)",
				);
				GCC_WARN_64_TO_32_BIT_CONVERSION = YES;
				GCC_WARN_ABOUT_RETURN_TYPE = YES_ERROR;
				GCC_WARN_UNDECLARED_SELECTOR = YES;
				GCC_WARN_UNINITIALIZED_AUTOS = YES_AGGRESSIVE;
				GCC_WARN_UNUSED_FUNCTION = YES;
				GCC_WARN_UNUSED_VARIABLE = YES;
				IPHONEOS_DEPLOYMENT_TARGET = 11.0;
				MTL_ENABLE_DEBUG_INFO = INCLUDE_SOURCE;
				MTL_FAST_MATH = YES;
				ONLY_ACTIVE_ARCH = YES;
				SDKROOT = iphoneos;
				SWIFT_ACTIVE_COMPILATION_CONDITIONS = DEBUG;
				SWIFT_OPTIMIZATION_LEVEL = "-Onone";
			};
			name = Debug;
		};
		85374C1828F5316000126187 /* Release */ = {
			isa = XCBuildConfiguration;
			buildSettings = {
				ALWAYS_SEARCH_USER_PATHS = NO;
				CLANG_ANALYZER_NONNULL = YES;
				CLANG_ANALYZER_NUMBER_OBJECT_CONVERSION = YES_AGGRESSIVE;
				CLANG_CXX_LANGUAGE_STANDARD = "gnu++20";
				CLANG_ENABLE_MODULES = YES;
				CLANG_ENABLE_OBJC_ARC = YES;
				CLANG_ENABLE_OBJC_WEAK = YES;
				CLANG_WARN_BLOCK_CAPTURE_AUTORELEASING = YES;
				CLANG_WARN_BOOL_CONVERSION = YES;
				CLANG_WARN_COMMA = YES;
				CLANG_WARN_CONSTANT_CONVERSION = YES;
				CLANG_WARN_DEPRECATED_OBJC_IMPLEMENTATIONS = YES;
				CLANG_WARN_DIRECT_OBJC_ISA_USAGE = YES_ERROR;
				CLANG_WARN_DOCUMENTATION_COMMENTS = YES;
				CLANG_WARN_EMPTY_BODY = YES;
				CLANG_WARN_ENUM_CONVERSION = YES;
				CLANG_WARN_INFINITE_RECURSION = YES;
				CLANG_WARN_INT_CONVERSION = YES;
				CLANG_WARN_NON_LITERAL_NULL_CONVERSION = YES;
				CLANG_WARN_OBJC_IMPLICIT_RETAIN_SELF = YES;
				CLANG_WARN_OBJC_LITERAL_CONVERSION = YES;
				CLANG_WARN_OBJC_ROOT_CLASS = YES_ERROR;
				CLANG_WARN_QUOTED_INCLUDE_IN_FRAMEWORK_HEADER = YES;
				CLANG_WARN_RANGE_LOOP_ANALYSIS = YES;
				CLANG_WARN_STRICT_PROTOTYPES = YES;
				CLANG_WARN_SUSPICIOUS_MOVE = YES;
				CLANG_WARN_UNGUARDED_AVAILABILITY = YES_AGGRESSIVE;
				CLANG_WARN_UNREACHABLE_CODE = YES;
				CLANG_WARN__DUPLICATE_METHOD_MATCH = YES;
				COPY_PHASE_STRIP = NO;
				DEBUG_INFORMATION_FORMAT = "dwarf-with-dsym";
				ENABLE_NS_ASSERTIONS = NO;
				ENABLE_STRICT_OBJC_MSGSEND = YES;
				GCC_C_LANGUAGE_STANDARD = gnu11;
				GCC_NO_COMMON_BLOCKS = YES;
				GCC_WARN_64_TO_32_BIT_CONVERSION = YES;
				GCC_WARN_ABOUT_RETURN_TYPE = YES_ERROR;
				GCC_WARN_UNDECLARED_SELECTOR = YES;
				GCC_WARN_UNINITIALIZED_AUTOS = YES_AGGRESSIVE;
				GCC_WARN_UNUSED_FUNCTION = YES;
				GCC_WARN_UNUSED_VARIABLE = YES;
				IPHONEOS_DEPLOYMENT_TARGET = 11.0;
				MTL_ENABLE_DEBUG_INFO = NO;
				MTL_FAST_MATH = YES;
				SDKROOT = iphoneos;
				SWIFT_COMPILATION_MODE = wholemodule;
				SWIFT_OPTIMIZATION_LEVEL = "-O";
				VALIDATE_PRODUCT = YES;
			};
			name = Release;
		};
		85374C1A28F5316000126187 /* Debug */ = {
			isa = XCBuildConfiguration;
			buildSettings = {
				ASSETCATALOG_COMPILER_APPICON_NAME = AppIcon;
				ASSETCATALOG_COMPILER_GLOBAL_ACCENT_COLOR_NAME = AccentColor;
				CODE_SIGN_STYLE = Automatic;
				CURRENT_PROJECT_VERSION = 1;
				DEVELOPMENT_ASSET_PATHS = "\"SwiftUI-01/Preview Content\"";
				DEVELOPMENT_TEAM = 64KT797F3Y;
				ENABLE_PREVIEWS = YES;
				GENERATE_INFOPLIST_FILE = YES;
				INFOPLIST_KEY_UIApplicationSceneManifest_Generation = YES;
				INFOPLIST_KEY_UIApplicationSupportsIndirectInputEvents = YES;
				INFOPLIST_KEY_UILaunchScreen_Generation = YES;
				INFOPLIST_KEY_UISupportedInterfaceOrientations_iPad = "UIInterfaceOrientationPortrait UIInterfaceOrientationPortraitUpsideDown UIInterfaceOrientationLandscapeLeft UIInterfaceOrientationLandscapeRight";
				INFOPLIST_KEY_UISupportedInterfaceOrientations_iPhone = "UIInterfaceOrientationPortrait UIInterfaceOrientationLandscapeLeft UIInterfaceOrientationLandscapeRight";
				LD_RUNPATH_SEARCH_PATHS = (
					"$(inherited)",
					"@executable_path/Frameworks",
				);
				MARKETING_VERSION = 1.0;
				PRODUCT_BUNDLE_IDENTIFIER = "com.mingxianwei.playgrand.SwiftUI-01";
				PRODUCT_NAME = "$(TARGET_NAME)";
				SWIFT_EMIT_LOC_STRINGS = YES;
				SWIFT_VERSION = 5.0;
				TARGETED_DEVICE_FAMILY = "1,2";
			};
			name = Debug;
		};
		85374C1B28F5316000126187 /* Release */ = {
			isa = XCBuildConfiguration;
			buildSettings = {
				ASSETCATALOG_COMPILER_APPICON_NAME = AppIcon;
				ASSETCATALOG_COMPILER_GLOBAL_ACCENT_COLOR_NAME = AccentColor;
				CODE_SIGN_STYLE = Automatic;
				CURRENT_PROJECT_VERSION = 1;
				DEVELOPMENT_ASSET_PATHS = "\"SwiftUI-01/Preview Content\"";
				DEVELOPMENT_TEAM = 64KT797F3Y;
				ENABLE_PREVIEWS = YES;
				GENERATE_INFOPLIST_FILE = YES;
				INFOPLIST_KEY_UIApplicationSceneManifest_Generation = YES;
				INFOPLIST_KEY_UIApplicationSupportsIndirectInputEvents = YES;
				INFOPLIST_KEY_UILaunchScreen_Generation = YES;
				INFOPLIST_KEY_UISupportedInterfaceOrientations_iPad = "UIInterfaceOrientationPortrait UIInterfaceOrientationPortraitUpsideDown UIInterfaceOrientationLandscapeLeft UIInterfaceOrientationLandscapeRight";
				INFOPLIST_KEY_UISupportedInterfaceOrientations_iPhone = "UIInterfaceOrientationPortrait UIInterfaceOrientationLandscapeLeft UIInterfaceOrientationLandscapeRight";
				LD_RUNPATH_SEARCH_PATHS = (
					"$(inherited)",
					"@executable_path/Frameworks",
				);
				MARKETING_VERSION = 1.0;
				PRODUCT_BUNDLE_IDENTIFIER = "com.mingxianwei.playgrand.SwiftUI-01";
				PRODUCT_NAME = "$(TARGET_NAME)";
				SWIFT_EMIT_LOC_STRINGS = YES;
				SWIFT_VERSION = 5.0;
				TARGETED_DEVICE_FAMILY = "1,2";
			};
			name = Release;
		};
		85374C1D28F5316000126187 /* Debug */ = {
			isa = XCBuildConfiguration;
			buildSettings = {
				ALWAYS_EMBED_SWIFT_STANDARD_LIBRARIES = YES;
				BUNDLE_LOADER = "$(TEST_HOST)";
				CODE_SIGN_STYLE = Automatic;
				CURRENT_PROJECT_VERSION = 1;
				DEVELOPMENT_TEAM = 64KT797F3Y;
				GENERATE_INFOPLIST_FILE = YES;
				IPHONEOS_DEPLOYMENT_TARGET = 16.0;
				MARKETING_VERSION = 1.0;
				PRODUCT_BUNDLE_IDENTIFIER = "com.mingxianwei.playgrand.SwiftUI-01Tests";
				PRODUCT_NAME = "$(TARGET_NAME)";
				SWIFT_EMIT_LOC_STRINGS = NO;
				SWIFT_VERSION = 5.0;
				TARGETED_DEVICE_FAMILY = "1,2";
				TEST_HOST = "$(BUILT_PRODUCTS_DIR)/SwiftUI-01.app/$(BUNDLE_EXECUTABLE_FOLDER_PATH)/SwiftUI-01";
			};
			name = Debug;
		};
		85374C1E28F5316000126187 /* Release */ = {
			isa = XCBuildConfiguration;
			buildSettings = {
				ALWAYS_EMBED_SWIFT_STANDARD_LIBRARIES = YES;
				BUNDLE_LOADER = "$(TEST_HOST)";
				CODE_SIGN_STYLE = Automatic;
				CURRENT_PROJECT_VERSION = 1;
				DEVELOPMENT_TEAM = 64KT797F3Y;
				GENERATE_INFOPLIST_FILE = YES;
				IPHONEOS_DEPLOYMENT_TARGET = 16.0;
				MARKETING_VERSION = 1.0;
				PRODUCT_BUNDLE_IDENTIFIER = "com.mingxianwei.playgrand.SwiftUI-01Tests";
				PRODUCT_NAME = "$(TARGET_NAME)";
				SWIFT_EMIT_LOC_STRINGS = NO;
				SWIFT_VERSION = 5.0;
				TARGETED_DEVICE_FAMILY = "1,2";
				TEST_HOST = "$(BUILT_PRODUCTS_DIR)/SwiftUI-01.app/$(BUNDLE_EXECUTABLE_FOLDER_PATH)/SwiftUI-01";
			};
			name = Release;
		};
		85374C2028F5316000126187 /* Debug */ = {
			isa = XCBuildConfiguration;
			buildSettings = {
				ALWAYS_EMBED_SWIFT_STANDARD_LIBRARIES = YES;
				CODE_SIGN_STYLE = Automatic;
				CURRENT_PROJECT_VERSION = 1;
				DEVELOPMENT_TEAM = 64KT797F3Y;
				GENERATE_INFOPLIST_FILE = YES;
				MARKETING_VERSION = 1.0;
				PRODUCT_BUNDLE_IDENTIFIER = "com.mingxianwei.playgrand.SwiftUI-01UITests";
				PRODUCT_NAME = "$(TARGET_NAME)";
				SWIFT_EMIT_LOC_STRINGS = NO;
				SWIFT_VERSION = 5.0;
				TARGETED_DEVICE_FAMILY = "1,2";
				TEST_TARGET_NAME = "SwiftUI-01";
			};
			name = Debug;
		};
		85374C2128F5316000126187 /* Release */ = {
			isa = XCBuildConfiguration;
			buildSettings = {
				ALWAYS_EMBED_SWIFT_STANDARD_LIBRARIES = YES;
				CODE_SIGN_STYLE = Automatic;
				CURRENT_PROJECT_VERSION = 1;
				DEVELOPMENT_TEAM = 64KT797F3Y;
				GENERATE_INFOPLIST_FILE = YES;
				MARKETING_VERSION = 1.0;
				PRODUCT_BUNDLE_IDENTIFIER = "com.mingxianwei.playgrand.SwiftUI-01UITests";
				PRODUCT_NAME = "$(TARGET_NAME)";
				SWIFT_EMIT_LOC_STRINGS = NO;
				SWIFT_VERSION = 5.0;
				TARGETED_DEVICE_FAMILY = "1,2";
				TEST_TARGET_NAME = "SwiftUI-01";
			};
			name = Release;
		};
/* End XCBuildConfiguration section */

/* Begin XCConfigurationList section */
		85374BF028F5315F00126187 /* Build configuration list for PBXProject "SwiftUI-01" */ = {
			isa = XCConfigurationList;
			buildConfigurations = (
				85374C1728F5316000126187 /* Debug */,
				85374C1828F5316000126187 /* Release */,
			);
			defaultConfigurationIsVisible = 0;
			defaultConfigurationName = Release;
		};
		85374C1928F5316000126187 /* Build configuration list for PBXNativeTarget "SwiftUI-01" */ = {
			isa = XCConfigurationList;
			buildConfigurations = (
				85374C1A28F5316000126187 /* Debug */,
				85374C1B28F5316000126187 /* Release */,
			);
			defaultConfigurationIsVisible = 0;
			defaultConfigurationName = Release;
		};
		85374C1C28F5316000126187 /* Build configuration list for PBXNativeTarget "SwiftUI-01Tests" */ = {
			isa = XCConfigurationList;
			buildConfigurations = (
				85374C1D28F5316000126187 /* Debug */,
				85374C1E28F5316000126187 /* Release */,
			);
			defaultConfigurationIsVisible = 0;
			defaultConfigurationName = Release;
		};
		85374C1F28F5316000126187 /* Build configuration list for PBXNativeTarget "SwiftUI-01UITests" */ = {
			isa = XCConfigurationList;
			buildConfigurations = (
				85374C2028F5316000126187 /* Debug */,
				85374C2128F5316000126187 /* Release */,
			);
			defaultConfigurationIsVisible = 0;
			defaultConfigurationName = Release;
		};
/* End XCConfigurationList section */
	};
	rootObject = 85374BED28F5315F00126187 /* Project object */;
}
