// !$*UTF8*$!
{
	archiveVersion = 1;
	classes = {
	};
	objectVersion = 56;
	objects = {

/* Begin PBXBuildFile section */
		8584191128F419EE00265A84 /* AppDelegate.swift in Sources */ = {isa = PBXBuildFile; fileRef = 8584191028F419EE00265A84 /* AppDelegate.swift */; };
		8584191328F419EE00265A84 /* SceneDelegate.swift in Sources */ = {isa = PBXBuildFile; fileRef = 8584191228F419EE00265A84 /* SceneDelegate.swift */; };
		8584191528F419EE00265A84 /* ViewController.swift in Sources */ = {isa = PBXBuildFile; fileRef = 8584191428F419EE00265A84 /* ViewController.swift */; };
		8584191828F419EE00265A84 /* Main.storyboard in Resources */ = {isa = PBXBuildFile; fileRef = 8584191628F419EE00265A84 /* Main.storyboard */; };
		8584191A28F419EF00265A84 /* Assets.xcassets in Resources */ = {isa = PBXBuildFile; fileRef = 8584191928F419EF00265A84 /* Assets.xcassets */; };
		8584191D28F419EF00265A84 /* LaunchScreen.storyboard in Resources */ = {isa = PBXBuildFile; fileRef = 8584191B28F419EF00265A84 /* LaunchScreen.storyboard */; };
		8584192828F419EF00265A84 /* QiushiTests.swift in Sources */ = {isa = PBXBuildFile; fileRef = 8584192728F419EF00265A84 /* QiushiTests.swift */; };
		8584193228F419EF00265A84 /* QiushiUITests.swift in Sources */ = {isa = PBXBuildFile; fileRef = 8584193128F419EF00265A84 /* QiushiUITests.swift */; };
		8584193428F419EF00265A84 /* QiushiUITestsLaunchTests.swift in Sources */ = {isa = PBXBuildFile; fileRef = 8584193328F419EF00265A84 /* QiushiUITestsLaunchTests.swift */; };
/* End PBXBuildFile section */

/* Begin PBXContainerItemProxy section */
		8584192428F419EF00265A84 /* PBXContainerItemProxy */ = {
			isa = PBXContainerItemProxy;
			containerPortal = 8584190528F419ED00265A84 /* Project object */;
			proxyType = 1;
			remoteGlobalIDString = 8584190C28F419EE00265A84;
			remoteInfo = Qiushi;
		};
		8584192E28F419EF00265A84 /* PBXContainerItemProxy */ = {
			isa = PBXContainerItemProxy;
			containerPortal = 8584190528F419ED00265A84 /* Project object */;
			proxyType = 1;
			remoteGlobalIDString = 8584190C28F419EE00265A84;
			remoteInfo = Qiushi;
		};
/* End PBXContainerItemProxy section */

/* Begin PBXFileReference section */
		8584190D28F419EE00265A84 /* Qiushi.app */ = {isa = PBXFileReference; explicitFileType = wrapper.application; includeInIndex = 0; path = Qiushi.app; sourceTree = BUILT_PRODUCTS_DIR; };
		8584191028F419EE00265A84 /* AppDelegate.swift */ = {isa = PBXFileReference; lastKnownFileType = sourcecode.swift; path = AppDelegate.swift; sourceTree = "<group>"; };
		8584191228F419EE00265A84 /* SceneDelegate.swift */ = {isa = PBXFileReference; lastKnownFileType = sourcecode.swift; path = SceneDelegate.swift; sourceTree = "<group>"; };
		8584191428F419EE00265A84 /* ViewController.swift */ = {isa = PBXFileReference; lastKnownFileType = sourcecode.swift; path = ViewController.swift; sourceTree = "<group>"; };
		8584191728F419EE00265A84 /* Base */ = {isa = PBXFileReference; lastKnownFileType = file.storyboard; name = Base; path = Base.lproj/Main.storyboard; sourceTree = "<group>"; };
		8584191928F419EF00265A84 /* Assets.xcassets */ = {isa = PBXFileReference; lastKnownFileType = folder.assetcatalog; path = Assets.xcassets; sourceTree = "<group>"; };
		8584191C28F419EF00265A84 /* Base */ = {isa = PBXFileReference; lastKnownFileType = file.storyboard; name = Base; path = Base.lproj/LaunchScreen.storyboard; sourceTree = "<group>"; };
		8584191E28F419EF00265A84 /* Info.plist */ = {isa = PBXFileReference; lastKnownFileType = text.plist.xml; path = Info.plist; sourceTree = "<group>"; };
		8584192328F419EF00265A84 /* QiushiTests.xctest */ = {isa = PBXFileReference; explicitFileType = wrapper.cfbundle; includeInIndex = 0; path = QiushiTests.xctest; sourceTree = BUILT_PRODUCTS_DIR; };
		8584192728F419EF00265A84 /* QiushiTests.swift */ = {isa = PBXFileReference; lastKnownFileType = sourcecode.swift; path = QiushiTests.swift; sourceTree = "<group>"; };
		8584192D28F419EF00265A84 /* QiushiUITests.xctest */ = {isa = PBXFileReference; explicitFileType = wrapper.cfbundle; includeInIndex = 0; path = QiushiUITests.xctest; sourceTree = BUILT_PRODUCTS_DIR; };
		8584193128F419EF00265A84 /* QiushiUITests.swift */ = {isa = PBXFileReference; lastKnownFileType = sourcecode.swift; path = QiushiUITests.swift; sourceTree = "<group>"; };
		8584193328F419EF00265A84 /* QiushiUITestsLaunchTests.swift */ = {isa = PBXFileReference; lastKnownFileType = sourcecode.swift; path = QiushiUITestsLaunchTests.swift; sourceTree = "<group>"; };
/* End PBXFileReference section */

/* Begin PBXFrameworksBuildPhase section */
		8584190A28F419EE00265A84 /* Frameworks */ = {
			isa = PBXFrameworksBuildPhase;
			buildActionMask = 2147483647;
			files = (
			);
			runOnlyForDeploymentPostprocessing = 0;
		};
		8584192028F419EF00265A84 /* Frameworks */ = {
			isa = PBXFrameworksBuildPhase;
			buildActionMask = 2147483647;
			files = (
			);
			runOnlyForDeploymentPostprocessing = 0;
		};
		8584192A28F419EF00265A84 /* Frameworks */ = {
			isa = PBXFrameworksBuildPhase;
			buildActionMask = 2147483647;
			files = (
			);
			runOnlyForDeploymentPostprocessing = 0;
		};
/* End PBXFrameworksBuildPhase section */

/* Begin PBXGroup section */
		8584190428F419ED00265A84 = {
			isa = PBXGroup;
			children = (
				8584190F28F419EE00265A84 /* Qiushi */,
				8584192628F419EF00265A84 /* QiushiTests */,
				8584193028F419EF00265A84 /* QiushiUITests */,
				8584190E28F419EE00265A84 /* Products */,
			);
			sourceTree = "<group>";
		};
		8584190E28F419EE00265A84 /* Products */ = {
			isa = PBXGroup;
			children = (
				8584190D28F419EE00265A84 /* Qiushi.app */,
				8584192328F419EF00265A84 /* QiushiTests.xctest */,
				8584192D28F419EF00265A84 /* QiushiUITests.xctest */,
			);
			name = Products;
			sourceTree = "<group>";
		};
		8584190F28F419EE00265A84 /* Qiushi */ = {
			isa = PBXGroup;
			children = (
				8584194028F41A5600265A84 /* Resource */,
				8584191028F419EE00265A84 /* AppDelegate.swift */,
				8584191228F419EE00265A84 /* SceneDelegate.swift */,
				8584191428F419EE00265A84 /* ViewController.swift */,
			);
			path = Qiushi;
			sourceTree = "<group>";
		};
		8584192628F419EF00265A84 /* QiushiTests */ = {
			isa = PBXGroup;
			children = (
				8584192728F419EF00265A84 /* QiushiTests.swift */,
			);
			path = QiushiTests;
			sourceTree = "<group>";
		};
		8584193028F419EF00265A84 /* QiushiUITests */ = {
			isa = PBXGroup;
			children = (
				8584193128F419EF00265A84 /* QiushiUITests.swift */,
				8584193328F419EF00265A84 /* QiushiUITestsLaunchTests.swift */,
			);
			path = QiushiUITests;
			sourceTree = "<group>";
		};
		8584194028F41A5600265A84 /* Resource */ = {
			isa = PBXGroup;
			children = (
				8584191628F419EE00265A84 /* Main.storyboard */,
				8584191928F419EF00265A84 /* Assets.xcassets */,
				8584191B28F419EF00265A84 /* LaunchScreen.storyboard */,
				8584191E28F419EF00265A84 /* Info.plist */,
			);
			path = Resource;
			sourceTree = "<group>";
		};
/* End PBXGroup section */

/* Begin PBXNativeTarget section */
		8584190C28F419EE00265A84 /* Qiushi */ = {
			isa = PBXNativeTarget;
			buildConfigurationList = 8584193728F419EF00265A84 /* Build configuration list for PBXNativeTarget "Qiushi" */;
			buildPhases = (
				8584190928F419EE00265A84 /* Sources */,
				8584190A28F419EE00265A84 /* Frameworks */,
				8584190B28F419EE00265A84 /* Resources */,
			);
			buildRules = (
			);
			dependencies = (
			);
			name = Qiushi;
			productName = Qiushi;
			productReference = 8584190D28F419EE00265A84 /* Qiushi.app */;
			productType = "com.apple.product-type.application";
		};
		8584192228F419EF00265A84 /* QiushiTests */ = {
			isa = PBXNativeTarget;
			buildConfigurationList = 8584193A28F419EF00265A84 /* Build configuration list for PBXNativeTarget "QiushiTests" */;
			buildPhases = (
				8584191F28F419EF00265A84 /* Sources */,
				8584192028F419EF00265A84 /* Frameworks */,
				8584192128F419EF00265A84 /* Resources */,
			);
			buildRules = (
			);
			dependencies = (
				8584192528F419EF00265A84 /* PBXTargetDependency */,
			);
			name = QiushiTests;
			productName = QiushiTests;
			productReference = 8584192328F419EF00265A84 /* QiushiTests.xctest */;
			productType = "com.apple.product-type.bundle.unit-test";
		};
		8584192C28F419EF00265A84 /* QiushiUITests */ = {
			isa = PBXNativeTarget;
			buildConfigurationList = 8584193D28F419EF00265A84 /* Build configuration list for PBXNativeTarget "QiushiUITests" */;
			buildPhases = (
				8584192928F419EF00265A84 /* Sources */,
				8584192A28F419EF00265A84 /* Frameworks */,
				8584192B28F419EF00265A84 /* Resources */,
			);
			buildRules = (
			);
			dependencies = (
				8584192F28F419EF00265A84 /* PBXTargetDependency */,
			);
			name = QiushiUITests;
			productName = QiushiUITests;
			productReference = 8584192D28F419EF00265A84 /* QiushiUITests.xctest */;
			productType = "com.apple.product-type.bundle.ui-testing";
		};
/* End PBXNativeTarget section */

/* Begin PBXProject section */
		8584190528F419ED00265A84 /* Project object */ = {
			isa = PBXProject;
			attributes = {
				BuildIndependentTargetsInParallel = 1;
				LastSwiftUpdateCheck = 1400;
				LastUpgradeCheck = 1400;
				TargetAttributes = {
					8584190C28F419EE00265A84 = {
						CreatedOnToolsVersion = 14.0.1;
					};
					8584192228F419EF00265A84 = {
						CreatedOnToolsVersion = 14.0.1;
						TestTargetID = 8584190C28F419EE00265A84;
					};
					8584192C28F419EF00265A84 = {
						CreatedOnToolsVersion = 14.0.1;
						TestTargetID = 8584190C28F419EE00265A84;
					};
				};
			};
			buildConfigurationList = 8584190828F419ED00265A84 /* Build configuration list for PBXProject "Qiushi" */;
			compatibilityVersion = "Xcode 14.0";
			developmentRegion = en;
			hasScannedForEncodings = 0;
			knownRegions = (
				en,
				Base,
			);
			mainGroup = 8584190428F419ED00265A84;
			productRefGroup = 8584190E28F419EE00265A84 /* Products */;
			projectDirPath = "";
			projectRoot = "";
			targets = (
				8584190C28F419EE00265A84 /* Qiushi */,
				8584192228F419EF00265A84 /* QiushiTests */,
				8584192C28F419EF00265A84 /* QiushiUITests */,
			);
		};
/* End PBXProject section */

/* Begin PBXResourcesBuildPhase section */
		8584190B28F419EE00265A84 /* Resources */ = {
			isa = PBXResourcesBuildPhase;
			buildActionMask = 2147483647;
			files = (
				8584191D28F419EF00265A84 /* LaunchScreen.storyboard in Resources */,
				8584191A28F419EF00265A84 /* Assets.xcassets in Resources */,
				8584191828F419EE00265A84 /* Main.storyboard in Resources */,
			);
			runOnlyForDeploymentPostprocessing = 0;
		};
		8584192128F419EF00265A84 /* Resources */ = {
			isa = PBXResourcesBuildPhase;
			buildActionMask = 2147483647;
			files = (
			);
			runOnlyForDeploymentPostprocessing = 0;
		};
		8584192B28F419EF00265A84 /* Resources */ = {
			isa = PBXResourcesBuildPhase;
			buildActionMask = 2147483647;
			files = (
			);
			runOnlyForDeploymentPostprocessing = 0;
		};
/* End PBXResourcesBuildPhase section */

/* Begin PBXSourcesBuildPhase section */
		8584190928F419EE00265A84 /* Sources */ = {
			isa = PBXSourcesBuildPhase;
			buildActionMask = 2147483647;
			files = (
				8584191528F419EE00265A84 /* ViewController.swift in Sources */,
				8584191128F419EE00265A84 /* AppDelegate.swift in Sources */,
				8584191328F419EE00265A84 /* SceneDelegate.swift in Sources */,
			);
			runOnlyForDeploymentPostprocessing = 0;
		};
		8584191F28F419EF00265A84 /* Sources */ = {
			isa = PBXSourcesBuildPhase;
			buildActionMask = 2147483647;
			files = (
				8584192828F419EF00265A84 /* QiushiTests.swift in Sources */,
			);
			runOnlyForDeploymentPostprocessing = 0;
		};
		8584192928F419EF00265A84 /* Sources */ = {
			isa = PBXSourcesBuildPhase;
			buildActionMask = 2147483647;
			files = (
				8584193228F419EF00265A84 /* QiushiUITests.swift in Sources */,
				8584193428F419EF00265A84 /* QiushiUITestsLaunchTests.swift in Sources */,
			);
			runOnlyForDeploymentPostprocessing = 0;
		};
/* End PBXSourcesBuildPhase section */

/* Begin PBXTargetDependency section */
		8584192528F419EF00265A84 /* PBXTargetDependency */ = {
			isa = PBXTargetDependency;
			target = 8584190C28F419EE00265A84 /* Qiushi */;
			targetProxy = 8584192428F419EF00265A84 /* PBXContainerItemProxy */;
		};
		8584192F28F419EF00265A84 /* PBXTargetDependency */ = {
			isa = PBXTargetDependency;
			target = 8584190C28F419EE00265A84 /* Qiushi */;
			targetProxy = 8584192E28F419EF00265A84 /* PBXContainerItemProxy */;
		};
/* End PBXTargetDependency section */

/* Begin PBXVariantGroup section */
		8584191628F419EE00265A84 /* Main.storyboard */ = {
			isa = PBXVariantGroup;
			children = (
				8584191728F419EE00265A84 /* Base */,
			);
			name = Main.storyboard;
			sourceTree = "<group>";
		};
		8584191B28F419EF00265A84 /* LaunchScreen.storyboard */ = {
			isa = PBXVariantGroup;
			children = (
				8584191C28F419EF00265A84 /* Base */,
			);
			name = LaunchScreen.storyboard;
			sourceTree = "<group>";
		};
/* End PBXVariantGroup section */

/* Begin XCBuildConfiguration section */
		8584193528F419EF00265A84 /* Debug */ = {
			isa = XCBuildConfiguration;
			buildSettings = {
				ALWAYS_SEARCH_USER_PATHS = NO;
				CLANG_ANALYZER_NONNULL = YES;
				CLANG_ANALYZER_NUMBER_OBJECT_CONVERSION = YES_AGGRESSIVE;
				CLANG_CXX_LANGUAGE_STANDARD = "gnu++20";
				CLANG_ENABLE_MODULES = YES;
				CLANG_ENABLE_OBJC_ARC = YES;
				CLANG_ENABLE_OBJC_WEAK = YES;
				CLANG_WARN_BLOCK_CAPTURE_AUTORELEASING = YES;
				CLANG_WARN_BOOL_CONVERSION = YES;
				CLANG_WARN_COMMA = YES;
				CLANG_WARN_CONSTANT_CONVERSION = YES;
				CLANG_WARN_DEPRECATED_OBJC_IMPLEMENTATIONS = YES;
				CLANG_WARN_DIRECT_OBJC_ISA_USAGE = YES_ERROR;
				CLANG_WARN_DOCUMENTATION_COMMENTS = YES;
				CLANG_WARN_EMPTY_BODY = YES;
				CLANG_WARN_ENUM_CONVERSION = YES;
				CLANG_WARN_INFINITE_RECURSION = YES;
				CLANG_WARN_INT_CONVERSION = YES;
				CLANG_WARN_NON_LITERAL_NULL_CONVERSION = YES;
				CLANG_WARN_OBJC_IMPLICIT_RETAIN_SELF = YES;
				CLANG_WARN_OBJC_LITERAL_CONVERSION = YES;
				CLANG_WARN_OBJC_ROOT_CLASS = YES_ERROR;
				CLANG_WARN_QUOTED_INCLUDE_IN_FRAMEWORK_HEADER = YES;
				CLANG_WARN_RANGE_LOOP_ANALYSIS = YES;
				CLANG_WARN_STRICT_PROTOTYPES = YES;
				CLANG_WARN_SUSPICIOUS_MOVE = YES;
				CLANG_WARN_UNGUARDED_AVAILABILITY = YES_AGGRESSIVE;
				CLANG_WARN_UNREACHABLE_CODE = YES;
				CLANG_WARN__DUPLICATE_METHOD_MATCH = YES;
				COPY_PHASE_STRIP = NO;
				DEBUG_INFORMATION_FORMAT = dwarf;
				ENABLE_STRICT_OBJC_MSGSEND = YES;
				ENABLE_TESTABILITY = YES;
				GCC_C_LANGUAGE_STANDARD = gnu11;
				GCC_DYNAMIC_NO_PIC = NO;
				GCC_NO_COMMON_BLOCKS = YES;
				GCC_OPTIMIZATION_LEVEL = 0;
				GCC_PREPROCESSOR_DEFINITIONS = (
					"DEBUG=1",
					"$(inherited)",
				);
				GCC_WARN_64_TO_32_BIT_CONVERSION = YES;
				GCC_WARN_ABOUT_RETURN_TYPE = YES_ERROR;
				GCC_WARN_UNDECLARED_SELECTOR = YES;
				GCC_WARN_UNINITIALIZED_AUTOS = YES_AGGRESSIVE;
				GCC_WARN_UNUSED_FUNCTION = YES;
				GCC_WARN_UNUSED_VARIABLE = YES;
				IPHONEOS_DEPLOYMENT_TARGET = 16.0;
				MTL_ENABLE_DEBUG_INFO = INCLUDE_SOURCE;
				MTL_FAST_MATH = YES;
				ONLY_ACTIVE_ARCH = YES;
				SDKROOT = iphoneos;
				SWIFT_ACTIVE_COMPILATION_CONDITIONS = DEBUG;
				SWIFT_OPTIMIZATION_LEVEL = "-Onone";
			};
			name = Debug;
		};
		8584193628F419EF00265A84 /* Release */ = {
			isa = XCBuildConfiguration;
			buildSettings = {
				ALWAYS_SEARCH_USER_PATHS = NO;
				CLANG_ANALYZER_NONNULL = YES;
				CLANG_ANALYZER_NUMBER_OBJECT_CONVERSION = YES_AGGRESSIVE;
				CLANG_CXX_LANGUAGE_STANDARD = "gnu++20";
				CLANG_ENABLE_MODULES = YES;
				CLANG_ENABLE_OBJC_ARC = YES;
				CLANG_ENABLE_OBJC_WEAK = YES;
				CLANG_WARN_BLOCK_CAPTURE_AUTORELEASING = YES;
				CLANG_WARN_BOOL_CONVERSION = YES;
				CLANG_WARN_COMMA = YES;
				CLANG_WARN_CONSTANT_CONVERSION = YES;
				CLANG_WARN_DEPRECATED_OBJC_IMPLEMENTATIONS = YES;
				CLANG_WARN_DIRECT_OBJC_ISA_USAGE = YES_ERROR;
				CLANG_WARN_DOCUMENTATION_COMMENTS = YES;
				CLANG_WARN_EMPTY_BODY = YES;
				CLANG_WARN_ENUM_CONVERSION = YES;
				CLANG_WARN_INFINITE_RECURSION = YES;
				CLANG_WARN_INT_CONVERSION = YES;
				CLANG_WARN_NON_LITERAL_NULL_CONVERSION = YES;
				CLANG_WARN_OBJC_IMPLICIT_RETAIN_SELF = YES;
				CLANG_WARN_OBJC_LITERAL_CONVERSION = YES;
				CLANG_WARN_OBJC_ROOT_CLASS = YES_ERROR;
				CLANG_WARN_QUOTED_INCLUDE_IN_FRAMEWORK_HEADER = YES;
				CLANG_WARN_RANGE_LOOP_ANALYSIS = YES;
				CLANG_WARN_STRICT_PROTOTYPES = YES;
				CLANG_WARN_SUSPICIOUS_MOVE = YES;
				CLANG_WARN_UNGUARDED_AVAILABILITY = YES_AGGRESSIVE;
				CLANG_WARN_UNREACHABLE_CODE = YES;
				CLANG_WARN__DUPLICATE_METHOD_MATCH = YES;
				COPY_PHASE_STRIP = NO;
				DEBUG_INFORMATION_FORMAT = "dwarf-with-dsym";
				ENABLE_NS_ASSERTIONS = NO;
				ENABLE_STRICT_OBJC_MSGSEND = YES;
				GCC_C_LANGUAGE_STANDARD = gnu11;
				GCC_NO_COMMON_BLOCKS = YES;
				GCC_WARN_64_TO_32_BIT_CONVERSION = YES;
				GCC_WARN_ABOUT_RETURN_TYPE = YES_ERROR;
				GCC_WARN_UNDECLARED_SELECTOR = YES;
				GCC_WARN_UNINITIALIZED_AUTOS = YES_AGGRESSIVE;
				GCC_WARN_UNUSED_FUNCTION = YES;
				GCC_WARN_UNUSED_VARIABLE = YES;
				IPHONEOS_DEPLOYMENT_TARGET = 16.0;
				MTL_ENABLE_DEBUG_INFO = NO;
				MTL_FAST_MATH = YES;
				SDKROOT = iphoneos;
				SWIFT_COMPILATION_MODE = wholemodule;
				SWIFT_OPTIMIZATION_LEVEL = "-O";
				VALIDATE_PRODUCT = YES;
			};
			name = Release;
		};
		8584193828F419EF00265A84 /* Debug */ = {
			isa = XCBuildConfiguration;
			buildSettings = {
				ASSETCATALOG_COMPILER_APPICON_NAME = AppIcon;
				ASSETCATALOG_COMPILER_GLOBAL_ACCENT_COLOR_NAME = AccentColor;
				CODE_SIGN_STYLE = Automatic;
				CURRENT_PROJECT_VERSION = 1;
				DEVELOPMENT_TEAM = 64KT797F3Y;
				GENERATE_INFOPLIST_FILE = YES;
				INFOPLIST_FILE = Qiushi/Resource/Info.plist;
				INFOPLIST_KEY_UIApplicationSupportsIndirectInputEvents = YES;
				INFOPLIST_KEY_UILaunchStoryboardName = LaunchScreen;
				INFOPLIST_KEY_UIMainStoryboardFile = Main;
				INFOPLIST_KEY_UISupportedInterfaceOrientations_iPad = "UIInterfaceOrientationPortrait UIInterfaceOrientationPortraitUpsideDown UIInterfaceOrientationLandscapeLeft UIInterfaceOrientationLandscapeRight";
				INFOPLIST_KEY_UISupportedInterfaceOrientations_iPhone = "UIInterfaceOrientationPortrait UIInterfaceOrientationLandscapeLeft UIInterfaceOrientationLandscapeRight";
				LD_RUNPATH_SEARCH_PATHS = (
					"$(inherited)",
					"@executable_path/Frameworks",
				);
				MARKETING_VERSION = 1.0;
				PRODUCT_BUNDLE_IDENTIFIER = com.mingxianwei.playgrand.Qiushi;
				PRODUCT_NAME = "$(TARGET_NAME)";
				SWIFT_EMIT_LOC_STRINGS = YES;
				SWIFT_VERSION = 5.0;
				TARGETED_DEVICE_FAMILY = "1,2";
			};
			name = Debug;
		};
		8584193928F419EF00265A84 /* Release */ = {
			isa = XCBuildConfiguration;
			buildSettings = {
				ASSETCATALOG_COMPILER_APPICON_NAME = AppIcon;
				ASSETCATALOG_COMPILER_GLOBAL_ACCENT_COLOR_NAME = AccentColor;
				CODE_SIGN_STYLE = Automatic;
				CURRENT_PROJECT_VERSION = 1;
				DEVELOPMENT_TEAM = 64KT797F3Y;
				GENERATE_INFOPLIST_FILE = YES;
				INFOPLIST_FILE = Qiushi/Resource/Info.plist;
				INFOPLIST_KEY_UIApplicationSupportsIndirectInputEvents = YES;
				INFOPLIST_KEY_UILaunchStoryboardName = LaunchScreen;
				INFOPLIST_KEY_UIMainStoryboardFile = Main;
				INFOPLIST_KEY_UISupportedInterfaceOrientations_iPad = "UIInterfaceOrientationPortrait UIInterfaceOrientationPortraitUpsideDown UIInterfaceOrientationLandscapeLeft UIInterfaceOrientationLandscapeRight";
				INFOPLIST_KEY_UISupportedInterfaceOrientations_iPhone = "UIInterfaceOrientationPortrait UIInterfaceOrientationLandscapeLeft UIInterfaceOrientationLandscapeRight";
				LD_RUNPATH_SEARCH_PATHS = (
					"$(inherited)",
					"@executable_path/Frameworks",
				);
				MARKETING_VERSION = 1.0;
				PRODUCT_BUNDLE_IDENTIFIER = com.mingxianwei.playgrand.Qiushi;
				PRODUCT_NAME = "$(TARGET_NAME)";
				SWIFT_EMIT_LOC_STRINGS = YES;
				SWIFT_VERSION = 5.0;
				TARGETED_DEVICE_FAMILY = "1,2";
			};
			name = Release;
		};
		8584193B28F419EF00265A84 /* Debug */ = {
			isa = XCBuildConfiguration;
			buildSettings = {
				ALWAYS_EMBED_SWIFT_STANDARD_LIBRARIES = YES;
				BUNDLE_LOADER = "$(TEST_HOST)";
				CODE_SIGN_STYLE = Automatic;
				CURRENT_PROJECT_VERSION = 1;
				DEVELOPMENT_TEAM = 64KT797F3Y;
				GENERATE_INFOPLIST_FILE = YES;
				IPHONEOS_DEPLOYMENT_TARGET = 16.0;
				MARKETING_VERSION = 1.0;
				PRODUCT_BUNDLE_IDENTIFIER = com.mingxianwei.playgrand.QiushiTests;
				PRODUCT_NAME = "$(TARGET_NAME)";
				SWIFT_EMIT_LOC_STRINGS = NO;
				SWIFT_VERSION = 5.0;
				TARGETED_DEVICE_FAMILY = "1,2";
				TEST_HOST = "$(BUILT_PRODUCTS_DIR)/Qiushi.app/$(BUNDLE_EXECUTABLE_FOLDER_PATH)/Qiushi";
			};
			name = Debug;
		};
		8584193C28F419EF00265A84 /* Release */ = {
			isa = XCBuildConfiguration;
			buildSettings = {
				ALWAYS_EMBED_SWIFT_STANDARD_LIBRARIES = YES;
				BUNDLE_LOADER = "$(TEST_HOST)";
				CODE_SIGN_STYLE = Automatic;
				CURRENT_PROJECT_VERSION = 1;
				DEVELOPMENT_TEAM = 64KT797F3Y;
				GENERATE_INFOPLIST_FILE = YES;
				IPHONEOS_DEPLOYMENT_TARGET = 16.0;
				MARKETING_VERSION = 1.0;
				PRODUCT_BUNDLE_IDENTIFIER = com.mingxianwei.playgrand.QiushiTests;
				PRODUCT_NAME = "$(TARGET_NAME)";
				SWIFT_EMIT_LOC_STRINGS = NO;
				SWIFT_VERSION = 5.0;
				TARGETED_DEVICE_FAMILY = "1,2";
				TEST_HOST = "$(BUILT_PRODUCTS_DIR)/Qiushi.app/$(BUNDLE_EXECUTABLE_FOLDER_PATH)/Qiushi";
			};
			name = Release;
		};
		8584193E28F419EF00265A84 /* Debug */ = {
			isa = XCBuildConfiguration;
			buildSettings = {
				ALWAYS_EMBED_SWIFT_STANDARD_LIBRARIES = YES;
				CODE_SIGN_STYLE = Automatic;
				CURRENT_PROJECT_VERSION = 1;
				DEVELOPMENT_TEAM = 64KT797F3Y;
				GENERATE_INFOPLIST_FILE = YES;
				MARKETING_VERSION = 1.0;
				PRODUCT_BUNDLE_IDENTIFIER = com.mingxianwei.playgrand.QiushiUITests;
				PRODUCT_NAME = "$(TARGET_NAME)";
				SWIFT_EMIT_LOC_STRINGS = NO;
				SWIFT_VERSION = 5.0;
				TARGETED_DEVICE_FAMILY = "1,2";
				TEST_TARGET_NAME = Qiushi;
			};
			name = Debug;
		};
		8584193F28F419EF00265A84 /* Release */ = {
			isa = XCBuildConfiguration;
			buildSettings = {
				ALWAYS_EMBED_SWIFT_STANDARD_LIBRARIES = YES;
				CODE_SIGN_STYLE = Automatic;
				CURRENT_PROJECT_VERSION = 1;
				DEVELOPMENT_TEAM = 64KT797F3Y;
				GENERATE_INFOPLIST_FILE = YES;
				MARKETING_VERSION = 1.0;
				PRODUCT_BUNDLE_IDENTIFIER = com.mingxianwei.playgrand.QiushiUITests;
				PRODUCT_NAME = "$(TARGET_NAME)";
				SWIFT_EMIT_LOC_STRINGS = NO;
				SWIFT_VERSION = 5.0;
				TARGETED_DEVICE_FAMILY = "1,2";
				TEST_TARGET_NAME = Qiushi;
			};
			name = Release;
		};
/* End XCBuildConfiguration section */

/* Begin XCConfigurationList section */
		8584190828F419ED00265A84 /* Build configuration list for PBXProject "Qiushi" */ = {
			isa = XCConfigurationList;
			buildConfigurations = (
				8584193528F419EF00265A84 /* Debug */,
				8584193628F419EF00265A84 /* Release */,
			);
			defaultConfigurationIsVisible = 0;
			defaultConfigurationName = Release;
		};
		8584193728F419EF00265A84 /* Build configuration list for PBXNativeTarget "Qiushi" */ = {
			isa = XCConfigurationList;
			buildConfigurations = (
				8584193828F419EF00265A84 /* Debug */,
				8584193928F419EF00265A84 /* Release */,
			);
			defaultConfigurationIsVisible = 0;
			defaultConfigurationName = Release;
		};
		8584193A28F419EF00265A84 /* Build configuration list for PBXNativeTarget "QiushiTests" */ = {
			isa = XCConfigurationList;
			buildConfigurations = (
				8584193B28F419EF00265A84 /* Debug */,
				8584193C28F419EF00265A84 /* Release */,
			);
			defaultConfigurationIsVisible = 0;
			defaultConfigurationName = Release;
		};
		8584193D28F419EF00265A84 /* Build configuration list for PBXNativeTarget "QiushiUITests" */ = {
			isa = XCConfigurationList;
			buildConfigurations = (
				8584193E28F419EF00265A84 /* Debug */,
				8584193F28F419EF00265A84 /* Release */,
			);
			defaultConfigurationIsVisible = 0;
			defaultConfigurationName = Release;
		};
/* End XCConfigurationList section */
	};
	rootObject = 8584190528F419ED00265A84 /* Project object */;
}
